// !$*UTF8*$!
{
	archiveVersion = 1;
	classes = {
	};
	objectVersion = 46;
	objects = {

/* Begin PBXBuildFile section */
		D958AF741B84320600083197 /* AppDelegate.swift in Sources */ = {isa = PBXBuildFile; fileRef = D958AF731B84320600083197 /* AppDelegate.swift */; };
		D958AF7B1B84320600083197 /* Images.xcassets in Resources */ = {isa = PBXBuildFile; fileRef = D958AF7A1B84320600083197 /* Images.xcassets */; };
		D958AF7E1B84320600083197 /* LaunchScreen.xib in Resources */ = {isa = PBXBuildFile; fileRef = D958AF7C1B84320600083197 /* LaunchScreen.xib */; };
		D958AF8A1B84320600083197 /* StaffPicsTests.swift in Sources */ = {isa = PBXBuildFile; fileRef = D958AF891B84320600083197 /* StaffPicsTests.swift */; };
		D9CA44F91BA2710B00654F3B /* VideoCell.swift in Sources */ = {isa = PBXBuildFile; fileRef = D9CA44F71BA2710B00654F3B /* VideoCell.swift */; };
		D9CA44FA1BA2710B00654F3B /* VideoCell.xib in Resources */ = {isa = PBXBuildFile; fileRef = D9CA44F81BA2710B00654F3B /* VideoCell.xib */; };
		D9CAB7E11B8D2FF80029FB09 /* StaffPicsViewController.swift in Sources */ = {isa = PBXBuildFile; fileRef = D9CAB7DF1B8D2FF80029FB09 /* StaffPicsViewController.swift */; };
		D9CAB7E21B8D2FF80029FB09 /* StaffPicsViewController.xib in Resources */ = {isa = PBXBuildFile; fileRef = D9CAB7E01B8D2FF80029FB09 /* StaffPicsViewController.xib */; };
		D9D31A471BA4A56100D89D32 /* VimeoClient.swift in Sources */ = {isa = PBXBuildFile; fileRef = D9D31A461BA4A56100D89D32 /* VimeoClient.swift */; };
		D9D31A491BA4BDE900D89D32 /* Video.swift in Sources */ = {isa = PBXBuildFile; fileRef = D9D31A481BA4BDE900D89D32 /* Video.swift */; };
/* End PBXBuildFile section */

/* Begin PBXContainerItemProxy section */
		D958AF841B84320600083197 /* PBXContainerItemProxy */ = {
			isa = PBXContainerItemProxy;
			containerPortal = D958AF661B84320600083197 /* Project object */;
			proxyType = 1;
			remoteGlobalIDString = D958AF6D1B84320600083197;
			remoteInfo = StaffPics;
		};
/* End PBXContainerItemProxy section */

/* Begin PBXFileReference section */
		D958AF6E1B84320600083197 /* StaffPics.app */ = {isa = PBXFileReference; explicitFileType = wrapper.application; includeInIndex = 0; path = StaffPics.app; sourceTree = BUILT_PRODUCTS_DIR; };
		D958AF721B84320600083197 /* Info.plist */ = {isa = PBXFileReference; lastKnownFileType = text.plist.xml; path = Info.plist; sourceTree = "<group>"; };
		D958AF731B84320600083197 /* AppDelegate.swift */ = {isa = PBXFileReference; lastKnownFileType = sourcecode.swift; path = AppDelegate.swift; sourceTree = "<group>"; };
		D958AF7A1B84320600083197 /* Images.xcassets */ = {isa = PBXFileReference; lastKnownFileType = folder.assetcatalog; path = Images.xcassets; sourceTree = "<group>"; };
		D958AF7D1B84320600083197 /* Base */ = {isa = PBXFileReference; lastKnownFileType = file.xib; name = Base; path = Base.lproj/LaunchScreen.xib; sourceTree = "<group>"; };
		D958AF831B84320600083197 /* StaffPicsTests.xctest */ = {isa = PBXFileReference; explicitFileType = wrapper.cfbundle; includeInIndex = 0; path = StaffPicsTests.xctest; sourceTree = BUILT_PRODUCTS_DIR; };
		D958AF881B84320600083197 /* Info.plist */ = {isa = PBXFileReference; lastKnownFileType = text.plist.xml; path = Info.plist; sourceTree = "<group>"; };
		D958AF891B84320600083197 /* StaffPicsTests.swift */ = {isa = PBXFileReference; lastKnownFileType = sourcecode.swift; path = StaffPicsTests.swift; sourceTree = "<group>"; };
		D9CA44F71BA2710B00654F3B /* VideoCell.swift */ = {isa = PBXFileReference; fileEncoding = 4; lastKnownFileType = sourcecode.swift; path = VideoCell.swift; sourceTree = "<group>"; };
		D9CA44F81BA2710B00654F3B /* VideoCell.xib */ = {isa = PBXFileReference; fileEncoding = 4; lastKnownFileType = file.xib; path = VideoCell.xib; sourceTree = "<group>"; };
		D9CAB7DF1B8D2FF80029FB09 /* StaffPicsViewController.swift */ = {isa = PBXFileReference; fileEncoding = 4; lastKnownFileType = sourcecode.swift; path = StaffPicsViewController.swift; sourceTree = "<group>"; };
		D9CAB7E01B8D2FF80029FB09 /* StaffPicsViewController.xib */ = {isa = PBXFileReference; fileEncoding = 4; lastKnownFileType = file.xib; path = StaffPicsViewController.xib; sourceTree = "<group>"; };
		D9D31A461BA4A56100D89D32 /* VimeoClient.swift */ = {isa = PBXFileReference; fileEncoding = 4; lastKnownFileType = sourcecode.swift; path = VimeoClient.swift; sourceTree = "<group>"; };
		D9D31A481BA4BDE900D89D32 /* Video.swift */ = {isa = PBXFileReference; fileEncoding = 4; lastKnownFileType = sourcecode.swift; path = Video.swift; sourceTree = "<group>"; };
/* End PBXFileReference section */

/* Begin PBXFrameworksBuildPhase section */
		D958AF6B1B84320600083197 /* Frameworks */ = {
			isa = PBXFrameworksBuildPhase;
			buildActionMask = 2147483647;
			files = (
			);
			runOnlyForDeploymentPostprocessing = 0;
		};
		D958AF801B84320600083197 /* Frameworks */ = {
			isa = PBXFrameworksBuildPhase;
			buildActionMask = 2147483647;
			files = (
			);
			runOnlyForDeploymentPostprocessing = 0;
		};
/* End PBXFrameworksBuildPhase section */

/* Begin PBXGroup section */
		D958AF651B84320600083197 = {
			isa = PBXGroup;
			children = (
				D958AF701B84320600083197 /* StaffPics */,
				D958AF861B84320600083197 /* StaffPicsTests */,
				D958AF6F1B84320600083197 /* Products */,
			);
			sourceTree = "<group>";
		};
		D958AF6F1B84320600083197 /* Products */ = {
			isa = PBXGroup;
			children = (
				D958AF6E1B84320600083197 /* StaffPics.app */,
				D958AF831B84320600083197 /* StaffPicsTests.xctest */,
			);
			name = Products;
			sourceTree = "<group>";
		};
		D958AF701B84320600083197 /* StaffPics */ = {
			isa = PBXGroup;
			children = (
				D958AF731B84320600083197 /* AppDelegate.swift */,
				D9CAB7DF1B8D2FF80029FB09 /* StaffPicsViewController.swift */,
				D9CAB7E01B8D2FF80029FB09 /* StaffPicsViewController.xib */,
				D9CA44F71BA2710B00654F3B /* VideoCell.swift */,
				D9CA44F81BA2710B00654F3B /* VideoCell.xib */,
				D9D31A461BA4A56100D89D32 /* VimeoClient.swift */,
				D9D31A481BA4BDE900D89D32 /* Video.swift */,
				D958AF7A1B84320600083197 /* Images.xcassets */,
				D958AF7C1B84320600083197 /* LaunchScreen.xib */,
				D958AF711B84320600083197 /* Supporting Files */,
			);
			path = StaffPics;
			sourceTree = "<group>";
		};
		D958AF711B84320600083197 /* Supporting Files */ = {
			isa = PBXGroup;
			children = (
				D958AF721B84320600083197 /* Info.plist */,
			);
			name = "Supporting Files";
			sourceTree = "<group>";
		};
		D958AF861B84320600083197 /* StaffPicsTests */ = {
			isa = PBXGroup;
			children = (
				D958AF891B84320600083197 /* StaffPicsTests.swift */,
				D958AF871B84320600083197 /* Supporting Files */,
			);
			path = StaffPicsTests;
			sourceTree = "<group>";
		};
		D958AF871B84320600083197 /* Supporting Files */ = {
			isa = PBXGroup;
			children = (
				D958AF881B84320600083197 /* Info.plist */,
			);
			name = "Supporting Files";
			sourceTree = "<group>";
		};
/* End PBXGroup section */

/* Begin PBXNativeTarget section */
		D958AF6D1B84320600083197 /* StaffPics */ = {
			isa = PBXNativeTarget;
			buildConfigurationList = D958AF8D1B84320600083197 /* Build configuration list for PBXNativeTarget "StaffPics" */;
			buildPhases = (
				D958AF6A1B84320600083197 /* Sources */,
				D958AF6B1B84320600083197 /* Frameworks */,
				D958AF6C1B84320600083197 /* Resources */,
			);
			buildRules = (
			);
			dependencies = (
			);
			name = StaffPics;
			productName = StaffPics;
			productReference = D958AF6E1B84320600083197 /* StaffPics.app */;
			productType = "com.apple.product-type.application";
		};
		D958AF821B84320600083197 /* StaffPicsTests */ = {
			isa = PBXNativeTarget;
			buildConfigurationList = D958AF901B84320600083197 /* Build configuration list for PBXNativeTarget "StaffPicsTests" */;
			buildPhases = (
				D958AF7F1B84320600083197 /* Sources */,
				D958AF801B84320600083197 /* Frameworks */,
				D958AF811B84320600083197 /* Resources */,
			);
			buildRules = (
			);
			dependencies = (
				D958AF851B84320600083197 /* PBXTargetDependency */,
			);
			name = StaffPicsTests;
			productName = StaffPicsTests;
			productReference = D958AF831B84320600083197 /* StaffPicsTests.xctest */;
			productType = "com.apple.product-type.bundle.unit-test";
		};
/* End PBXNativeTarget section */

/* Begin PBXProject section */
		D958AF661B84320600083197 /* Project object */ = {
			isa = PBXProject;
			attributes = {
				LastSwiftMigration = 0700;
				LastSwiftUpdateCheck = 0700;
				LastUpgradeCheck = 0640;
				ORGANIZATIONNAME = "Austin Willimas";
				TargetAttributes = {
					D958AF6D1B84320600083197 = {
						CreatedOnToolsVersion = 6.4;
					};
					D958AF821B84320600083197 = {
						CreatedOnToolsVersion = 6.4;
						TestTargetID = D958AF6D1B84320600083197;
					};
				};
			};
			buildConfigurationList = D958AF691B84320600083197 /* Build configuration list for PBXProject "StaffPics" */;
			compatibilityVersion = "Xcode 3.2";
			developmentRegion = English;
			hasScannedForEncodings = 0;
			knownRegions = (
				en,
				Base,
			);
			mainGroup = D958AF651B84320600083197;
			productRefGroup = D958AF6F1B84320600083197 /* Products */;
			projectDirPath = "";
			projectRoot = "";
			targets = (
				D958AF6D1B84320600083197 /* StaffPics */,
				D958AF821B84320600083197 /* StaffPicsTests */,
			);
		};
/* End PBXProject section */

/* Begin PBXResourcesBuildPhase section */
		D958AF6C1B84320600083197 /* Resources */ = {
			isa = PBXResourcesBuildPhase;
			buildActionMask = 2147483647;
			files = (
				D958AF7E1B84320600083197 /* LaunchScreen.xib in Resources */,
				D9CA44FA1BA2710B00654F3B /* VideoCell.xib in Resources */,
				D958AF7B1B84320600083197 /* Images.xcassets in Resources */,
				D9CAB7E21B8D2FF80029FB09 /* StaffPicsViewController.xib in Resources */,
			);
			runOnlyForDeploymentPostprocessing = 0;
		};
		D958AF811B84320600083197 /* Resources */ = {
			isa = PBXResourcesBuildPhase;
			buildActionMask = 2147483647;
			files = (
			);
			runOnlyForDeploymentPostprocessing = 0;
		};
/* End PBXResourcesBuildPhase section */

/* Begin PBXSourcesBuildPhase section */
		D958AF6A1B84320600083197 /* Sources */ = {
			isa = PBXSourcesBuildPhase;
			buildActionMask = 2147483647;
			files = (
				D9CAB7E11B8D2FF80029FB09 /* StaffPicsViewController.swift in Sources */,
				D958AF741B84320600083197 /* AppDelegate.swift in Sources */,
				D9CA44F91BA2710B00654F3B /* VideoCell.swift in Sources */,
				D9D31A471BA4A56100D89D32 /* VimeoClient.swift in Sources */,
				D9D31A491BA4BDE900D89D32 /* Video.swift in Sources */,
			);
			runOnlyForDeploymentPostprocessing = 0;
		};
		D958AF7F1B84320600083197 /* Sources */ = {
			isa = PBXSourcesBuildPhase;
			buildActionMask = 2147483647;
			files = (
				D958AF8A1B84320600083197 /* StaffPicsTests.swift in Sources */,
			);
			runOnlyForDeploymentPostprocessing = 0;
		};
/* End PBXSourcesBuildPhase section */

/* Begin PBXTargetDependency section */
		D958AF851B84320600083197 /* PBXTargetDependency */ = {
			isa = PBXTargetDependency;
			target = D958AF6D1B84320600083197 /* StaffPics */;
			targetProxy = D958AF841B84320600083197 /* PBXContainerItemProxy */;
		};
/* End PBXTargetDependency section */

/* Begin PBXVariantGroup section */
		D958AF7C1B84320600083197 /* LaunchScreen.xib */ = {
			isa = PBXVariantGroup;
			children = (
				D958AF7D1B84320600083197 /* Base */,
			);
			name = LaunchScreen.xib;
			sourceTree = "<group>";
		};
/* End PBXVariantGroup section */

/* Begin XCBuildConfiguration section */
		D958AF8B1B84320600083197 /* Debug */ = {
			isa = XCBuildConfiguration;
			buildSettings = {
				ALWAYS_SEARCH_USER_PATHS = NO;
				CLANG_CXX_LANGUAGE_STANDARD = "gnu++0x";
				CLANG_CXX_LIBRARY = "libc++";
				CLANG_ENABLE_MODULES = YES;
				CLANG_ENABLE_OBJC_ARC = YES;
				CLANG_WARN_BOOL_CONVERSION = YES;
				CLANG_WARN_CONSTANT_CONVERSION = YES;
				CLANG_WARN_DIRECT_OBJC_ISA_USAGE = YES_ERROR;
				CLANG_WARN_EMPTY_BODY = YES;
				CLANG_WARN_ENUM_CONVERSION = YES;
				CLANG_WARN_INT_CONVERSION = YES;
				CLANG_WARN_OBJC_ROOT_CLASS = YES_ERROR;
				CLANG_WARN_UNREACHABLE_CODE = YES;
				CLANG_WARN__DUPLICATE_METHOD_MATCH = YES;
				"CODE_SIGN_IDENTITY[sdk=iphoneos*]" = "iPhone Developer";
				COPY_PHASE_STRIP = NO;
				DEBUG_INFORMATION_FORMAT = "dwarf-with-dsym";
				ENABLE_STRICT_OBJC_MSGSEND = YES;
				GCC_C_LANGUAGE_STANDARD = gnu99;
				GCC_DYNAMIC_NO_PIC = NO;
				GCC_NO_COMMON_BLOCKS = YES;
				GCC_OPTIMIZATION_LEVEL = 0;
				GCC_PREPROCESSOR_DEFINITIONS = (
					"DEBUG=1",
					"$(inherited)",
				);
				GCC_SYMBOLS_PRIVATE_EXTERN = NO;
				GCC_WARN_64_TO_32_BIT_CONVERSION = YES;
				GCC_WARN_ABOUT_RETURN_TYPE = YES_ERROR;
				GCC_WARN_UNDECLARED_SELECTOR = YES;
				GCC_WARN_UNINITIALIZED_AUTOS = YES_AGGRESSIVE;
				GCC_WARN_UNUSED_FUNCTION = YES;
				GCC_WARN_UNUSED_VARIABLE = YES;
				IPHONEOS_DEPLOYMENT_TARGET = 8.4;
				MTL_ENABLE_DEBUG_INFO = YES;
				ONLY_ACTIVE_ARCH = YES;
				SDKROOT = iphoneos;
				SWIFT_OPTIMIZATION_LEVEL = "-Onone";
			};
			name = Debug;
		};
		D958AF8C1B84320600083197 /* Release */ = {
			isa = XCBuildConfiguration;
			buildSettings = {
				ALWAYS_SEARCH_USER_PATHS = NO;
				CLANG_CXX_LANGUAGE_STANDARD = "gnu++0x";
				CLANG_CXX_LIBRARY = "libc++";
				CLANG_ENABLE_MODULES = YES;
				CLANG_ENABLE_OBJC_ARC = YES;
				CLANG_WARN_BOOL_CONVERSION = YES;
				CLANG_WARN_CONSTANT_CONVERSION = YES;
				CLANG_WARN_DIRECT_OBJC_ISA_USAGE = YES_ERROR;
				CLANG_WARN_EMPTY_BODY = YES;
				CLANG_WARN_ENUM_CONVERSION = YES;
				CLANG_WARN_INT_CONVERSION = YES;
				CLANG_WARN_OBJC_ROOT_CLASS = YES_ERROR;
				CLANG_WARN_UNREACHABLE_CODE = YES;
				CLANG_WARN__DUPLICATE_METHOD_MATCH = YES;
				"CODE_SIGN_IDENTITY[sdk=iphoneos*]" = "iPhone Developer";
				COPY_PHASE_STRIP = NO;
				DEBUG_INFORMATION_FORMAT = "dwarf-with-dsym";
				ENABLE_NS_ASSERTIONS = NO;
				ENABLE_STRICT_OBJC_MSGSEND = YES;
				GCC_C_LANGUAGE_STANDARD = gnu99;
				GCC_NO_COMMON_BLOCKS = YES;
				GCC_WARN_64_TO_32_BIT_CONVERSION = YES;
				GCC_WARN_ABOUT_RETURN_TYPE = YES_ERROR;
				GCC_WARN_UNDECLARED_SELECTOR = YES;
				GCC_WARN_UNINITIALIZED_AUTOS = YES_AGGRESSIVE;
				GCC_WARN_UNUSED_FUNCTION = YES;
				GCC_WARN_UNUSED_VARIABLE = YES;
				IPHONEOS_DEPLOYMENT_TARGET = 8.4;
				MTL_ENABLE_DEBUG_INFO = NO;
				SDKROOT = iphoneos;
				VALIDATE_PRODUCT = YES;
			};
			name = Release;
		};
		D958AF8E1B84320600083197 /* Debug */ = {
			isa = XCBuildConfiguration;
			buildSettings = {
				ASSETCATALOG_COMPILER_APPICON_NAME = AppIcon;
				INFOPLIST_FILE = StaffPics/Info.plist;
				IPHONEOS_DEPLOYMENT_TARGET = 9.0;
				LD_RUNPATH_SEARCH_PATHS = "$(inherited) @executable_path/Frameworks";
				PRODUCT_NAME = "$(TARGET_NAME)";
				TARGETED_DEVICE_FAMILY = 1;
			};
			name = Debug;
		};
		D958AF8F1B84320600083197 /* Release */ = {
			isa = XCBuildConfiguration;
			buildSettings = {
				ASSETCATALOG_COMPILER_APPICON_NAME = AppIcon;
				INFOPLIST_FILE = StaffPics/Info.plist;
				IPHONEOS_DEPLOYMENT_TARGET = 9.0;
				LD_RUNPATH_SEARCH_PATHS = "$(inherited) @executable_path/Frameworks";
				PRODUCT_NAME = "$(TARGET_NAME)";
				TARGETED_DEVICE_FAMILY = 1;
			};
			name = Release;
		};
		D958AF911B84320600083197 /* Debug */ = {
			isa = XCBuildConfiguration;
			buildSettings = {
				BUNDLE_LOADER = "$(TEST_HOST)";
				FRAMEWORK_SEARCH_PATHS = (
					"$(SDKROOT)/Developer/Library/Frameworks",
					"$(inherited)",
				);
				GCC_PREPROCESSOR_DEFINITIONS = (
					"DEBUG=1",
					"$(inherited)",
				);
				INFOPLIST_FILE = StaffPicsTests/Info.plist;
				LD_RUNPATH_SEARCH_PATHS = "$(inherited) @executable_path/Frameworks @loader_path/Frameworks";
				PRODUCT_NAME = "$(TARGET_NAME)";
				TEST_HOST = "$(BUILT_PRODUCTS_DIR)/StaffPics.app/StaffPics";
			};
			name = Debug;
		};
		D958AF921B84320600083197 /* Release */ = {
			isa = XCBuildConfiguration;
			buildSettings = {
				BUNDLE_LOADER = "$(TEST_HOST)";
				FRAMEWORK_SEARCH_PATHS = (
					"$(SDKROOT)/Developer/Library/Frameworks",
					"$(inherited)",
				);
				INFOPLIST_FILE = StaffPicsTests/Info.plist;
				LD_RUNPATH_SEARCH_PATHS = "$(inherited) @executable_path/Frameworks @loader_path/Frameworks";
				PRODUCT_NAME = "$(TARGET_NAME)";
				TEST_HOST = "$(BUILT_PRODUCTS_DIR)/StaffPics.app/StaffPics";
			};
			name = Release;
		};
/* End XCBuildConfiguration section */

/* Begin XCConfigurationList section */
		D958AF691B84320600083197 /* Build configuration list for PBXProject "StaffPics" */ = {
			isa = XCConfigurationList;
			buildConfigurations = (
				D958AF8B1B84320600083197 /* Debug */,
				D958AF8C1B84320600083197 /* Release */,
			);
			defaultConfigurationIsVisible = 0;
			defaultConfigurationName = Release;
		};
		D958AF8D1B84320600083197 /* Build configuration list for PBXNativeTarget "StaffPics" */ = {
			isa = XCConfigurationList;
			buildConfigurations = (
				D958AF8E1B84320600083197 /* Debug */,
				D958AF8F1B84320600083197 /* Release */,
			);
			defaultConfigurationIsVisible = 0;
			defaultConfigurationName = Release;
		};
		D958AF901B84320600083197 /* Build configuration list for PBXNativeTarget "StaffPicsTests" */ = {
			isa = XCConfigurationList;
			buildConfigurations = (
				D958AF911B84320600083197 /* Debug */,
				D958AF921B84320600083197 /* Release */,
			);
			defaultConfigurationIsVisible = 0;
			defaultConfigurationName = Release;
		};
/* End XCConfigurationList section */
	};
	rootObject = D958AF661B84320600083197 /* Project object */;
}
